// !$*UTF8*$!
{
	archiveVersion = 1;
	classes = {
	};
	objectVersion = 48;
	objects = {

/* Begin PBXBuildFile section */
		95B9ACAF2025B41800E8235E /* MobilicardUserDefaults.swift in Sources */ = {isa = PBXBuildFile; fileRef = 95B9ACAE2025B41800E8235E /* MobilicardUserDefaults.swift */; };
		A03450C42012309700F7DFCF /* LoginVerifyOTPViewController.swift in Sources */ = {isa = PBXBuildFile; fileRef = A03450C32012309700F7DFCF /* LoginVerifyOTPViewController.swift */; };
		A0397387201FA37B0094CD17 /* Constants.swift in Sources */ = {isa = PBXBuildFile; fileRef = A0397386201FA37B0094CD17 /* Constants.swift */; };
		A04F1ED7201924EC00EEC1C0 /* PaymentMethodEnterViewController.swift in Sources */ = {isa = PBXBuildFile; fileRef = A04F1ED6201924EC00EEC1C0 /* PaymentMethodEnterViewController.swift */; };
		A0501CB3200F5DEA00273302 /* CoreBluetooth.framework in Frameworks */ = {isa = PBXBuildFile; fileRef = A0501CB2200F5DEA00273302 /* CoreBluetooth.framework */; };
		A0EAD86E200CF59A002E7699 /* HomeIteractorProtocol.swift in Sources */ = {isa = PBXBuildFile; fileRef = A0EAD86D200CF59A002E7699 /* HomeIteractorProtocol.swift */; };
		A0FE2612200C9A14009420E4 /* AppDelegate.swift in Sources */ = {isa = PBXBuildFile; fileRef = A0FE2611200C9A14009420E4 /* AppDelegate.swift */; };
		A0FE2614200C9A14009420E4 /* HomeViewController.swift in Sources */ = {isa = PBXBuildFile; fileRef = A0FE2613200C9A14009420E4 /* HomeViewController.swift */; };
		A0FE2617200C9A14009420E4 /* Home.storyboard in Resources */ = {isa = PBXBuildFile; fileRef = A0FE2615200C9A14009420E4 /* Home.storyboard */; };
		A0FE2619200C9A14009420E4 /* Assets.xcassets in Resources */ = {isa = PBXBuildFile; fileRef = A0FE2618200C9A14009420E4 /* Assets.xcassets */; };
		A0FE261C200C9A14009420E4 /* LaunchScreen.storyboard in Resources */ = {isa = PBXBuildFile; fileRef = A0FE261A200C9A14009420E4 /* LaunchScreen.storyboard */; };
		A0FE2629200CA0C0009420E4 /* Scanning.storyboard in Resources */ = {isa = PBXBuildFile; fileRef = A0FE2628200CA0C0009420E4 /* Scanning.storyboard */; };
		A0FE262B200CA0E3009420E4 /* ScanningViewController.swift in Sources */ = {isa = PBXBuildFile; fileRef = A0FE262A200CA0E3009420E4 /* ScanningViewController.swift */; };
		A0FE262F200CA2FB009420E4 /* PaymentMethod.storyboard in Resources */ = {isa = PBXBuildFile; fileRef = A0FE262E200CA2FB009420E4 /* PaymentMethod.storyboard */; };
		A0FE2631200CA30D009420E4 /* PaymentMethodViewController.swift in Sources */ = {isa = PBXBuildFile; fileRef = A0FE2630200CA30D009420E4 /* PaymentMethodViewController.swift */; };
		A0FE2634200CA349009420E4 /* About.storyboard in Resources */ = {isa = PBXBuildFile; fileRef = A0FE2633200CA349009420E4 /* About.storyboard */; };
		A0FE2636200CA356009420E4 /* AboutViewController.swift in Sources */ = {isa = PBXBuildFile; fileRef = A0FE2635200CA356009420E4 /* AboutViewController.swift */; };
		A0FE2639200CA3F9009420E4 /* PrivacyPolicy.storyboard in Resources */ = {isa = PBXBuildFile; fileRef = A0FE2638200CA3F9009420E4 /* PrivacyPolicy.storyboard */; };
		A0FE263B200CA40C009420E4 /* PrivacyPolicyViewController.swift in Sources */ = {isa = PBXBuildFile; fileRef = A0FE263A200CA40C009420E4 /* PrivacyPolicyViewController.swift */; };
		A0FE263E200CA448009420E4 /* TechSupport.storyboard in Resources */ = {isa = PBXBuildFile; fileRef = A0FE263D200CA448009420E4 /* TechSupport.storyboard */; };
		A0FE2640200CA457009420E4 /* TechSupportViewController.swift in Sources */ = {isa = PBXBuildFile; fileRef = A0FE263F200CA457009420E4 /* TechSupportViewController.swift */; };
		A0FE2643200CA489009420E4 /* Login.storyboard in Resources */ = {isa = PBXBuildFile; fileRef = A0FE2642200CA489009420E4 /* Login.storyboard */; };
		A0FE2645200CA494009420E4 /* LoginRequestSMSViewController.swift in Sources */ = {isa = PBXBuildFile; fileRef = A0FE2644200CA494009420E4 /* LoginRequestSMSViewController.swift */; };
		A0FE2647200CA6BC009420E4 /* RootWireframe.swift in Sources */ = {isa = PBXBuildFile; fileRef = A0FE2646200CA6BC009420E4 /* RootWireframe.swift */; };
		A0FE2651200CB947009420E4 /* LoginWireframe.swift in Sources */ = {isa = PBXBuildFile; fileRef = A0FE2650200CB947009420E4 /* LoginWireframe.swift */; };
		A0FE2653200CB956009420E4 /* LoginWireframeProtocol.swift in Sources */ = {isa = PBXBuildFile; fileRef = A0FE2652200CB956009420E4 /* LoginWireframeProtocol.swift */; };
		A0FE2655200CB979009420E4 /* TechSupportWireframe.swift in Sources */ = {isa = PBXBuildFile; fileRef = A0FE2654200CB979009420E4 /* TechSupportWireframe.swift */; };
		A0FE2657200CB98A009420E4 /* TechSupportWireframeProtocol.swift in Sources */ = {isa = PBXBuildFile; fileRef = A0FE2656200CB98A009420E4 /* TechSupportWireframeProtocol.swift */; };
		A0FE2659200CB99F009420E4 /* PrivacyPolicyWireframe.swift in Sources */ = {isa = PBXBuildFile; fileRef = A0FE2658200CB99F009420E4 /* PrivacyPolicyWireframe.swift */; };
		A0FE265B200CB9BD009420E4 /* PrivatePolicyWireframeProtocol.swift in Sources */ = {isa = PBXBuildFile; fileRef = A0FE265A200CB9BD009420E4 /* PrivatePolicyWireframeProtocol.swift */; };
		A0FE265D200CB9E0009420E4 /* AboutWireframe.swift in Sources */ = {isa = PBXBuildFile; fileRef = A0FE265C200CB9E0009420E4 /* AboutWireframe.swift */; };
		A0FE265F200CBA0B009420E4 /* AboutWireframeProtocol.swift in Sources */ = {isa = PBXBuildFile; fileRef = A0FE265E200CBA0B009420E4 /* AboutWireframeProtocol.swift */; };
		A0FE2665200CBACC009420E4 /* PaymentMethodWireframe.swift in Sources */ = {isa = PBXBuildFile; fileRef = A0FE2664200CBACC009420E4 /* PaymentMethodWireframe.swift */; };
		A0FE2667200CBAE5009420E4 /* PaymentMethodWireframeProtocol.swift in Sources */ = {isa = PBXBuildFile; fileRef = A0FE2666200CBAE5009420E4 /* PaymentMethodWireframeProtocol.swift */; };
		A0FE2669200CBB03009420E4 /* ScanningWireframe.swift in Sources */ = {isa = PBXBuildFile; fileRef = A0FE2668200CBB03009420E4 /* ScanningWireframe.swift */; };
		A0FE266B200CBB10009420E4 /* ScanningWireframeProtocol.swift in Sources */ = {isa = PBXBuildFile; fileRef = A0FE266A200CBB10009420E4 /* ScanningWireframeProtocol.swift */; };
		A0FE266D200CBB2F009420E4 /* HomeWireframe.swift in Sources */ = {isa = PBXBuildFile; fileRef = A0FE266C200CBB2F009420E4 /* HomeWireframe.swift */; };
		A0FE266F200CBB40009420E4 /* HomeWireframeProtocol.swift in Sources */ = {isa = PBXBuildFile; fileRef = A0FE266E200CBB40009420E4 /* HomeWireframeProtocol.swift */; };
		A0FE2683200CBE41009420E4 /* LoginInteractor.swift in Sources */ = {isa = PBXBuildFile; fileRef = A0FE2682200CBE41009420E4 /* LoginInteractor.swift */; };
		A0FE2686200CBE5B009420E4 /* LoginInteractorProtocol.swift in Sources */ = {isa = PBXBuildFile; fileRef = A0FE2685200CBE5B009420E4 /* LoginInteractorProtocol.swift */; };
		A0FE268C200CBEAC009420E4 /* PaymentMethodInteractor.swift in Sources */ = {isa = PBXBuildFile; fileRef = A0FE268B200CBEAC009420E4 /* PaymentMethodInteractor.swift */; };
		A0FE268E200CBEB6009420E4 /* PaymentMethodInteractorProtocol.swift in Sources */ = {isa = PBXBuildFile; fileRef = A0FE268D200CBEB6009420E4 /* PaymentMethodInteractorProtocol.swift */; };
		A0FE2690200CBECD009420E4 /* ScanningInteractor.swift in Sources */ = {isa = PBXBuildFile; fileRef = A0FE268F200CBECD009420E4 /* ScanningInteractor.swift */; };
		A0FE2692200CBED7009420E4 /* ScanningInteractorProtocol.swift in Sources */ = {isa = PBXBuildFile; fileRef = A0FE2691200CBED7009420E4 /* ScanningInteractorProtocol.swift */; };
		A0FE2694200CBEE4009420E4 /* HomeInteractor.swift in Sources */ = {isa = PBXBuildFile; fileRef = A0FE2693200CBEE4009420E4 /* HomeInteractor.swift */; };
/* End PBXBuildFile section */

/* Begin PBXFileReference section */
		95B9ACAE2025B41800E8235E /* MobilicardUserDefaults.swift */ = {isa = PBXFileReference; lastKnownFileType = sourcecode.swift; path = MobilicardUserDefaults.swift; sourceTree = "<group>"; };
		A03450C32012309700F7DFCF /* LoginVerifyOTPViewController.swift */ = {isa = PBXFileReference; lastKnownFileType = sourcecode.swift; path = LoginVerifyOTPViewController.swift; sourceTree = "<group>"; };
		A0397386201FA37B0094CD17 /* Constants.swift */ = {isa = PBXFileReference; lastKnownFileType = sourcecode.swift; path = Constants.swift; sourceTree = "<group>"; };
		A04F1ED6201924EC00EEC1C0 /* PaymentMethodEnterViewController.swift */ = {isa = PBXFileReference; lastKnownFileType = sourcecode.swift; path = PaymentMethodEnterViewController.swift; sourceTree = "<group>"; };
		A0501CB2200F5DEA00273302 /* CoreBluetooth.framework */ = {isa = PBXFileReference; lastKnownFileType = wrapper.framework; name = CoreBluetooth.framework; path = System/Library/Frameworks/CoreBluetooth.framework; sourceTree = SDKROOT; };
		A0EAD86D200CF59A002E7699 /* HomeIteractorProtocol.swift */ = {isa = PBXFileReference; lastKnownFileType = sourcecode.swift; path = HomeIteractorProtocol.swift; sourceTree = "<group>"; };
		A0FE260E200C9A13009420E4 /* Mobilicard.app */ = {isa = PBXFileReference; explicitFileType = wrapper.application; includeInIndex = 0; path = Mobilicard.app; sourceTree = BUILT_PRODUCTS_DIR; };
		A0FE2611200C9A14009420E4 /* AppDelegate.swift */ = {isa = PBXFileReference; lastKnownFileType = sourcecode.swift; path = AppDelegate.swift; sourceTree = "<group>"; };
		A0FE2613200C9A14009420E4 /* HomeViewController.swift */ = {isa = PBXFileReference; lastKnownFileType = sourcecode.swift; path = HomeViewController.swift; sourceTree = "<group>"; };
		A0FE2616200C9A14009420E4 /* Base */ = {isa = PBXFileReference; lastKnownFileType = file.storyboard; name = Base; path = Base.lproj/Home.storyboard; sourceTree = "<group>"; };
		A0FE2618200C9A14009420E4 /* Assets.xcassets */ = {isa = PBXFileReference; lastKnownFileType = folder.assetcatalog; path = Assets.xcassets; sourceTree = "<group>"; };
		A0FE261B200C9A14009420E4 /* Base */ = {isa = PBXFileReference; lastKnownFileType = file.storyboard; name = Base; path = Base.lproj/LaunchScreen.storyboard; sourceTree = "<group>"; };
		A0FE261D200C9A14009420E4 /* Info.plist */ = {isa = PBXFileReference; lastKnownFileType = text.plist.xml; path = Info.plist; sourceTree = "<group>"; };
		A0FE2628200CA0C0009420E4 /* Scanning.storyboard */ = {isa = PBXFileReference; lastKnownFileType = file.storyboard; path = Scanning.storyboard; sourceTree = "<group>"; };
		A0FE262A200CA0E3009420E4 /* ScanningViewController.swift */ = {isa = PBXFileReference; lastKnownFileType = sourcecode.swift; path = ScanningViewController.swift; sourceTree = "<group>"; };
		A0FE262E200CA2FB009420E4 /* PaymentMethod.storyboard */ = {isa = PBXFileReference; lastKnownFileType = file.storyboard; path = PaymentMethod.storyboard; sourceTree = "<group>"; };
		A0FE2630200CA30D009420E4 /* PaymentMethodViewController.swift */ = {isa = PBXFileReference; lastKnownFileType = sourcecode.swift; path = PaymentMethodViewController.swift; sourceTree = "<group>"; };
		A0FE2633200CA349009420E4 /* About.storyboard */ = {isa = PBXFileReference; lastKnownFileType = file.storyboard; path = About.storyboard; sourceTree = "<group>"; };
		A0FE2635200CA356009420E4 /* AboutViewController.swift */ = {isa = PBXFileReference; lastKnownFileType = sourcecode.swift; path = AboutViewController.swift; sourceTree = "<group>"; };
		A0FE2638200CA3F9009420E4 /* PrivacyPolicy.storyboard */ = {isa = PBXFileReference; lastKnownFileType = file.storyboard; path = PrivacyPolicy.storyboard; sourceTree = "<group>"; };
		A0FE263A200CA40C009420E4 /* PrivacyPolicyViewController.swift */ = {isa = PBXFileReference; lastKnownFileType = sourcecode.swift; path = PrivacyPolicyViewController.swift; sourceTree = "<group>"; };
		A0FE263D200CA448009420E4 /* TechSupport.storyboard */ = {isa = PBXFileReference; lastKnownFileType = file.storyboard; path = TechSupport.storyboard; sourceTree = "<group>"; };
		A0FE263F200CA457009420E4 /* TechSupportViewController.swift */ = {isa = PBXFileReference; lastKnownFileType = sourcecode.swift; path = TechSupportViewController.swift; sourceTree = "<group>"; };
		A0FE2642200CA489009420E4 /* Login.storyboard */ = {isa = PBXFileReference; lastKnownFileType = file.storyboard; path = Login.storyboard; sourceTree = "<group>"; };
		A0FE2644200CA494009420E4 /* LoginRequestSMSViewController.swift */ = {isa = PBXFileReference; lastKnownFileType = sourcecode.swift; path = LoginRequestSMSViewController.swift; sourceTree = "<group>"; };
		A0FE2646200CA6BC009420E4 /* RootWireframe.swift */ = {isa = PBXFileReference; lastKnownFileType = sourcecode.swift; path = RootWireframe.swift; sourceTree = "<group>"; };
		A0FE2650200CB947009420E4 /* LoginWireframe.swift */ = {isa = PBXFileReference; lastKnownFileType = sourcecode.swift; path = LoginWireframe.swift; sourceTree = "<group>"; };
		A0FE2652200CB956009420E4 /* LoginWireframeProtocol.swift */ = {isa = PBXFileReference; lastKnownFileType = sourcecode.swift; path = LoginWireframeProtocol.swift; sourceTree = "<group>"; };
		A0FE2654200CB979009420E4 /* TechSupportWireframe.swift */ = {isa = PBXFileReference; lastKnownFileType = sourcecode.swift; path = TechSupportWireframe.swift; sourceTree = "<group>"; };
		A0FE2656200CB98A009420E4 /* TechSupportWireframeProtocol.swift */ = {isa = PBXFileReference; lastKnownFileType = sourcecode.swift; path = TechSupportWireframeProtocol.swift; sourceTree = "<group>"; };
		A0FE2658200CB99F009420E4 /* PrivacyPolicyWireframe.swift */ = {isa = PBXFileReference; lastKnownFileType = sourcecode.swift; path = PrivacyPolicyWireframe.swift; sourceTree = "<group>"; };
		A0FE265A200CB9BD009420E4 /* PrivatePolicyWireframeProtocol.swift */ = {isa = PBXFileReference; lastKnownFileType = sourcecode.swift; path = PrivatePolicyWireframeProtocol.swift; sourceTree = "<group>"; };
		A0FE265C200CB9E0009420E4 /* AboutWireframe.swift */ = {isa = PBXFileReference; lastKnownFileType = sourcecode.swift; path = AboutWireframe.swift; sourceTree = "<group>"; };
		A0FE265E200CBA0B009420E4 /* AboutWireframeProtocol.swift */ = {isa = PBXFileReference; lastKnownFileType = sourcecode.swift; path = AboutWireframeProtocol.swift; sourceTree = "<group>"; };
		A0FE2664200CBACC009420E4 /* PaymentMethodWireframe.swift */ = {isa = PBXFileReference; lastKnownFileType = sourcecode.swift; path = PaymentMethodWireframe.swift; sourceTree = "<group>"; };
		A0FE2666200CBAE5009420E4 /* PaymentMethodWireframeProtocol.swift */ = {isa = PBXFileReference; lastKnownFileType = sourcecode.swift; path = PaymentMethodWireframeProtocol.swift; sourceTree = "<group>"; };
		A0FE2668200CBB03009420E4 /* ScanningWireframe.swift */ = {isa = PBXFileReference; lastKnownFileType = sourcecode.swift; path = ScanningWireframe.swift; sourceTree = "<group>"; };
		A0FE266A200CBB10009420E4 /* ScanningWireframeProtocol.swift */ = {isa = PBXFileReference; lastKnownFileType = sourcecode.swift; path = ScanningWireframeProtocol.swift; sourceTree = "<group>"; };
		A0FE266C200CBB2F009420E4 /* HomeWireframe.swift */ = {isa = PBXFileReference; lastKnownFileType = sourcecode.swift; path = HomeWireframe.swift; sourceTree = "<group>"; };
		A0FE266E200CBB40009420E4 /* HomeWireframeProtocol.swift */ = {isa = PBXFileReference; lastKnownFileType = sourcecode.swift; path = HomeWireframeProtocol.swift; sourceTree = "<group>"; };
		A0FE2682200CBE41009420E4 /* LoginInteractor.swift */ = {isa = PBXFileReference; lastKnownFileType = sourcecode.swift; path = LoginInteractor.swift; sourceTree = "<group>"; };
		A0FE2685200CBE5B009420E4 /* LoginInteractorProtocol.swift */ = {isa = PBXFileReference; lastKnownFileType = sourcecode.swift; path = LoginInteractorProtocol.swift; sourceTree = "<group>"; };
		A0FE268B200CBEAC009420E4 /* PaymentMethodInteractor.swift */ = {isa = PBXFileReference; lastKnownFileType = sourcecode.swift; path = PaymentMethodInteractor.swift; sourceTree = "<group>"; };
		A0FE268D200CBEB6009420E4 /* PaymentMethodInteractorProtocol.swift */ = {isa = PBXFileReference; lastKnownFileType = sourcecode.swift; path = PaymentMethodInteractorProtocol.swift; sourceTree = "<group>"; };
		A0FE268F200CBECD009420E4 /* ScanningInteractor.swift */ = {isa = PBXFileReference; lastKnownFileType = sourcecode.swift; path = ScanningInteractor.swift; sourceTree = "<group>"; };
		A0FE2691200CBED7009420E4 /* ScanningInteractorProtocol.swift */ = {isa = PBXFileReference; lastKnownFileType = sourcecode.swift; path = ScanningInteractorProtocol.swift; sourceTree = "<group>"; };
		A0FE2693200CBEE4009420E4 /* HomeInteractor.swift */ = {isa = PBXFileReference; lastKnownFileType = sourcecode.swift; path = HomeInteractor.swift; sourceTree = "<group>"; };
/* End PBXFileReference section */

/* Begin PBXFrameworksBuildPhase section */
		A0FE260B200C9A13009420E4 /* Frameworks */ = {
			isa = PBXFrameworksBuildPhase;
			buildActionMask = 2147483647;
			files = (
				A0501CB3200F5DEA00273302 /* CoreBluetooth.framework in Frameworks */,
			);
			runOnlyForDeploymentPostprocessing = 0;
		};
/* End PBXFrameworksBuildPhase section */

/* Begin PBXGroup section */
		A0397385201FA3540094CD17 /* Constants */ = {
			isa = PBXGroup;
			children = (
				A0397386201FA37B0094CD17 /* Constants.swift */,
			);
			path = Constants;
			sourceTree = "<group>";
		};
		A0501CB1200F5DE900273302 /* Frameworks */ = {
			isa = PBXGroup;
			children = (
				A0501CB2200F5DEA00273302 /* CoreBluetooth.framework */,
			);
			name = Frameworks;
			sourceTree = "<group>";
		};
		A0FE2605200C9A13009420E4 = {
			isa = PBXGroup;
			children = (
				A0FE2610200C9A13009420E4 /* Mobilicard */,
				A0FE260F200C9A13009420E4 /* Products */,
				A0501CB1200F5DE900273302 /* Frameworks */,
			);
			sourceTree = "<group>";
		};
		A0FE260F200C9A13009420E4 /* Products */ = {
			isa = PBXGroup;
			children = (
				A0FE260E200C9A13009420E4 /* Mobilicard.app */,
			);
			name = Products;
			sourceTree = "<group>";
		};
		A0FE2610200C9A13009420E4 /* Mobilicard */ = {
			isa = PBXGroup;
			children = (
				A0FE2670200CBC6B009420E4 /* Modules */,
				A0FE2671200CBC85009420E4 /* Common */,
				A0FE2611200C9A14009420E4 /* AppDelegate.swift */,
				A0FE2646200CA6BC009420E4 /* RootWireframe.swift */,
				A0FE2648200CB638009420E4 /* Supporting Files */,
			);
			path = Mobilicard;
			sourceTree = "<group>";
		};
		A0FE2624200CA016009420E4 /* Home */ = {
			isa = PBXGroup;
			children = (
				A0FE267F200CBDB0009420E4 /* Business Logic */,
				A0FE264F200CB92D009420E4 /* Routing */,
				A0FE2678200CBD0B009420E4 /* User Interface */,
			);
			path = Home;
			sourceTree = "<group>";
		};
		A0FE2625200CA051009420E4 /* Scanning */ = {
			isa = PBXGroup;
			children = (
				A0FE267E200CBDA4009420E4 /* Business Logic */,
				A0FE264E200CB927009420E4 /* Routing */,
				A0FE2677200CBCFE009420E4 /* User Interface */,
			);
			path = Scanning;
			sourceTree = "<group>";
		};
		A0FE2626200CA07F009420E4 /* Data Store */ = {
			isa = PBXGroup;
			children = (
				95B9ACAE2025B41800E8235E /* MobilicardUserDefaults.swift */,
			);
			path = "Data Store";
			sourceTree = "<group>";
		};
		A0FE262D200CA2D7009420E4 /* PaymentMethod */ = {
			isa = PBXGroup;
			children = (
				A0FE267D200CBD96009420E4 /* Business Logic */,
				A0FE264D200CB91E009420E4 /* Routing */,
				A0FE2676200CBCEE009420E4 /* User Interface */,
			);
			path = PaymentMethod;
			sourceTree = "<group>";
		};
		A0FE2632200CA336009420E4 /* About */ = {
			isa = PBXGroup;
			children = (
				A0FE264C200CB918009420E4 /* Routing */,
				A0FE2675200CBCDD009420E4 /* User Interface */,
			);
			path = About;
			sourceTree = "<group>";
		};
		A0FE2637200CA3E2009420E4 /* PrivacyPolicy */ = {
			isa = PBXGroup;
			children = (
				A0FE264B200CB910009420E4 /* Routing */,
				A0FE2674200CBCD1009420E4 /* User Interface */,
			);
			path = PrivacyPolicy;
			sourceTree = "<group>";
		};
		A0FE263C200CA431009420E4 /* TechSupport */ = {
			isa = PBXGroup;
			children = (
				A0FE264A200CB906009420E4 /* Routing */,
				A0FE2673200CBCC3009420E4 /* User Interface */,
			);
			path = TechSupport;
			sourceTree = "<group>";
		};
		A0FE2641200CA47A009420E4 /* Login */ = {
			isa = PBXGroup;
			children = (
				A0FE2679200CBD2D009420E4 /* Business Logic */,
				A0FE2649200CB8DC009420E4 /* Routing */,
				A0FE2672200CBCB7009420E4 /* User Interface */,
			);
			path = Login;
			sourceTree = "<group>";
		};
		A0FE2648200CB638009420E4 /* Supporting Files */ = {
			isa = PBXGroup;
			children = (
				A0FE2618200C9A14009420E4 /* Assets.xcassets */,
				A0FE261A200C9A14009420E4 /* LaunchScreen.storyboard */,
				A0FE261D200C9A14009420E4 /* Info.plist */,
			);
			path = "Supporting Files";
			sourceTree = "<group>";
		};
		A0FE2649200CB8DC009420E4 /* Routing */ = {
			isa = PBXGroup;
			children = (
				A0FE2650200CB947009420E4 /* LoginWireframe.swift */,
				A0FE2652200CB956009420E4 /* LoginWireframeProtocol.swift */,
			);
			path = Routing;
			sourceTree = "<group>";
		};
		A0FE264A200CB906009420E4 /* Routing */ = {
			isa = PBXGroup;
			children = (
				A0FE2654200CB979009420E4 /* TechSupportWireframe.swift */,
				A0FE2656200CB98A009420E4 /* TechSupportWireframeProtocol.swift */,
			);
			path = Routing;
			sourceTree = "<group>";
		};
		A0FE264B200CB910009420E4 /* Routing */ = {
			isa = PBXGroup;
			children = (
				A0FE2658200CB99F009420E4 /* PrivacyPolicyWireframe.swift */,
				A0FE265A200CB9BD009420E4 /* PrivatePolicyWireframeProtocol.swift */,
			);
			path = Routing;
			sourceTree = "<group>";
		};
		A0FE264C200CB918009420E4 /* Routing */ = {
			isa = PBXGroup;
			children = (
				A0FE265C200CB9E0009420E4 /* AboutWireframe.swift */,
				A0FE265E200CBA0B009420E4 /* AboutWireframeProtocol.swift */,
			);
			path = Routing;
			sourceTree = "<group>";
		};
		A0FE264D200CB91E009420E4 /* Routing */ = {
			isa = PBXGroup;
			children = (
				A0FE2664200CBACC009420E4 /* PaymentMethodWireframe.swift */,
				A0FE2666200CBAE5009420E4 /* PaymentMethodWireframeProtocol.swift */,
			);
			path = Routing;
			sourceTree = "<group>";
		};
		A0FE264E200CB927009420E4 /* Routing */ = {
			isa = PBXGroup;
			children = (
				A0FE2668200CBB03009420E4 /* ScanningWireframe.swift */,
				A0FE266A200CBB10009420E4 /* ScanningWireframeProtocol.swift */,
			);
			path = Routing;
			sourceTree = "<group>";
		};
		A0FE264F200CB92D009420E4 /* Routing */ = {
			isa = PBXGroup;
			children = (
				A0FE266C200CBB2F009420E4 /* HomeWireframe.swift */,
				A0FE266E200CBB40009420E4 /* HomeWireframeProtocol.swift */,
			);
			path = Routing;
			sourceTree = "<group>";
		};
		A0FE2670200CBC6B009420E4 /* Modules */ = {
			isa = PBXGroup;
			children = (
				A0FE2641200CA47A009420E4 /* Login */,
				A0FE263C200CA431009420E4 /* TechSupport */,
				A0FE2637200CA3E2009420E4 /* PrivacyPolicy */,
				A0FE2632200CA336009420E4 /* About */,
				A0FE262D200CA2D7009420E4 /* PaymentMethod */,
				A0FE2625200CA051009420E4 /* Scanning */,
				A0FE2624200CA016009420E4 /* Home */,
			);
			path = Modules;
			sourceTree = "<group>";
		};
		A0FE2671200CBC85009420E4 /* Common */ = {
			isa = PBXGroup;
			children = (
				A0397385201FA3540094CD17 /* Constants */,
				A0FE2626200CA07F009420E4 /* Data Store */,
			);
			path = Common;
			sourceTree = "<group>";
		};
		A0FE2672200CBCB7009420E4 /* User Interface */ = {
			isa = PBXGroup;
			children = (
				A0FE2642200CA489009420E4 /* Login.storyboard */,
				A0FE2644200CA494009420E4 /* LoginRequestSMSViewController.swift */,
				A03450C32012309700F7DFCF /* LoginVerifyOTPViewController.swift */,
			);
			path = "User Interface";
			sourceTree = "<group>";
		};
		A0FE2673200CBCC3009420E4 /* User Interface */ = {
			isa = PBXGroup;
			children = (
				A0FE263D200CA448009420E4 /* TechSupport.storyboard */,
				A0FE263F200CA457009420E4 /* TechSupportViewController.swift */,
			);
			path = "User Interface";
			sourceTree = "<group>";
		};
		A0FE2674200CBCD1009420E4 /* User Interface */ = {
			isa = PBXGroup;
			children = (
				A0FE2638200CA3F9009420E4 /* PrivacyPolicy.storyboard */,
				A0FE263A200CA40C009420E4 /* PrivacyPolicyViewController.swift */,
			);
			path = "User Interface";
			sourceTree = "<group>";
		};
		A0FE2675200CBCDD009420E4 /* User Interface */ = {
			isa = PBXGroup;
			children = (
				A0FE2633200CA349009420E4 /* About.storyboard */,
				A0FE2635200CA356009420E4 /* AboutViewController.swift */,
			);
			path = "User Interface";
			sourceTree = "<group>";
		};
		A0FE2676200CBCEE009420E4 /* User Interface */ = {
			isa = PBXGroup;
			children = (
				A0FE262E200CA2FB009420E4 /* PaymentMethod.storyboard */,
				A0FE2630200CA30D009420E4 /* PaymentMethodViewController.swift */,
				A04F1ED6201924EC00EEC1C0 /* PaymentMethodEnterViewController.swift */,
			);
			path = "User Interface";
			sourceTree = "<group>";
		};
		A0FE2677200CBCFE009420E4 /* User Interface */ = {
			isa = PBXGroup;
			children = (
				A0FE2628200CA0C0009420E4 /* Scanning.storyboard */,
				A0FE262A200CA0E3009420E4 /* ScanningViewController.swift */,
			);
			path = "User Interface";
			sourceTree = "<group>";
		};
		A0FE2678200CBD0B009420E4 /* User Interface */ = {
			isa = PBXGroup;
			children = (
				A0FE2615200C9A14009420E4 /* Home.storyboard */,
				A0FE2613200C9A14009420E4 /* HomeViewController.swift */,
			);
			path = "User Interface";
			sourceTree = "<group>";
		};
		A0FE2679200CBD2D009420E4 /* Business Logic */ = {
			isa = PBXGroup;
			children = (
				A0FE2682200CBE41009420E4 /* LoginInteractor.swift */,
				A0FE2685200CBE5B009420E4 /* LoginInteractorProtocol.swift */,
			);
			path = "Business Logic";
			sourceTree = "<group>";
		};
		A0FE267D200CBD96009420E4 /* Business Logic */ = {
			isa = PBXGroup;
			children = (
				A0FE268B200CBEAC009420E4 /* PaymentMethodInteractor.swift */,
				A0FE268D200CBEB6009420E4 /* PaymentMethodInteractorProtocol.swift */,
			);
			path = "Business Logic";
			sourceTree = "<group>";
		};
		A0FE267E200CBDA4009420E4 /* Business Logic */ = {
			isa = PBXGroup;
			children = (
				A0FE268F200CBECD009420E4 /* ScanningInteractor.swift */,
				A0FE2691200CBED7009420E4 /* ScanningInteractorProtocol.swift */,
			);
			path = "Business Logic";
			sourceTree = "<group>";
		};
		A0FE267F200CBDB0009420E4 /* Business Logic */ = {
			isa = PBXGroup;
			children = (
				A0FE2693200CBEE4009420E4 /* HomeInteractor.swift */,
				A0EAD86D200CF59A002E7699 /* HomeIteractorProtocol.swift */,
			);
			path = "Business Logic";
			sourceTree = "<group>";
		};
/* End PBXGroup section */

/* Begin PBXNativeTarget section */
		A0FE260D200C9A13009420E4 /* Mobilicard */ = {
			isa = PBXNativeTarget;
			buildConfigurationList = A0FE2620200C9A14009420E4 /* Build configuration list for PBXNativeTarget "Mobilicard" */;
			buildPhases = (
				A0FE260A200C9A13009420E4 /* Sources */,
				A0FE260B200C9A13009420E4 /* Frameworks */,
				A0FE260C200C9A13009420E4 /* Resources */,
			);
			buildRules = (
			);
			dependencies = (
			);
			name = Mobilicard;
			productName = Mobilicard;
			productReference = A0FE260E200C9A13009420E4 /* Mobilicard.app */;
			productType = "com.apple.product-type.application";
		};
/* End PBXNativeTarget section */

/* Begin PBXProject section */
		A0FE2606200C9A13009420E4 /* Project object */ = {
			isa = PBXProject;
			attributes = {
				LastSwiftUpdateCheck = 0920;
				LastUpgradeCheck = 0920;
				ORGANIZATIONNAME = Vsevolod;
				TargetAttributes = {
					A0FE260D200C9A13009420E4 = {
						CreatedOnToolsVersion = 9.2;
						ProvisioningStyle = Automatic;
						SystemCapabilities = {
							com.apple.BackgroundModes = {
								enabled = 1;
							};
						};
					};
				};
			};
			buildConfigurationList = A0FE2609200C9A13009420E4 /* Build configuration list for PBXProject "Mobilicard" */;
			compatibilityVersion = "Xcode 8.0";
			developmentRegion = en;
			hasScannedForEncodings = 0;
			knownRegions = (
				en,
				Base,
			);
			mainGroup = A0FE2605200C9A13009420E4;
			productRefGroup = A0FE260F200C9A13009420E4 /* Products */;
			projectDirPath = "";
			projectRoot = "";
			targets = (
				A0FE260D200C9A13009420E4 /* Mobilicard */,
			);
		};
/* End PBXProject section */

/* Begin PBXResourcesBuildPhase section */
		A0FE260C200C9A13009420E4 /* Resources */ = {
			isa = PBXResourcesBuildPhase;
			buildActionMask = 2147483647;
			files = (
				A0FE2639200CA3F9009420E4 /* PrivacyPolicy.storyboard in Resources */,
				A0FE261C200C9A14009420E4 /* LaunchScreen.storyboard in Resources */,
				A0FE2619200C9A14009420E4 /* Assets.xcassets in Resources */,
				A0FE2634200CA349009420E4 /* About.storyboard in Resources */,
				A0FE262F200CA2FB009420E4 /* PaymentMethod.storyboard in Resources */,
				A0FE2617200C9A14009420E4 /* Home.storyboard in Resources */,
				A0FE263E200CA448009420E4 /* TechSupport.storyboard in Resources */,
				A0FE2629200CA0C0009420E4 /* Scanning.storyboard in Resources */,
				A0FE2643200CA489009420E4 /* Login.storyboard in Resources */,
			);
			runOnlyForDeploymentPostprocessing = 0;
		};
/* End PBXResourcesBuildPhase section */

/* Begin PBXSourcesBuildPhase section */
		A0FE260A200C9A13009420E4 /* Sources */ = {
			isa = PBXSourcesBuildPhase;
			buildActionMask = 2147483647;
			files = (
				A0FE2655200CB979009420E4 /* TechSupportWireframe.swift in Sources */,
				A0FE2614200C9A14009420E4 /* HomeViewController.swift in Sources */,
				A0EAD86E200CF59A002E7699 /* HomeIteractorProtocol.swift in Sources */,
				A0FE262B200CA0E3009420E4 /* ScanningViewController.swift in Sources */,
				A0FE2647200CA6BC009420E4 /* RootWireframe.swift in Sources */,
				A0FE2631200CA30D009420E4 /* PaymentMethodViewController.swift in Sources */,
				A0FE2692200CBED7009420E4 /* ScanningInteractorProtocol.swift in Sources */,
				A0FE2669200CBB03009420E4 /* ScanningWireframe.swift in Sources */,
				A0FE2657200CB98A009420E4 /* TechSupportWireframeProtocol.swift in Sources */,
				A0FE263B200CA40C009420E4 /* PrivacyPolicyViewController.swift in Sources */,
				A0FE2653200CB956009420E4 /* LoginWireframeProtocol.swift in Sources */,
				A0FE2645200CA494009420E4 /* LoginRequestSMSViewController.swift in Sources */,
				A0FE2686200CBE5B009420E4 /* LoginInteractorProtocol.swift in Sources */,
				A0FE265B200CB9BD009420E4 /* PrivatePolicyWireframeProtocol.swift in Sources */,
				A0FE2659200CB99F009420E4 /* PrivacyPolicyWireframe.swift in Sources */,
				A0FE2636200CA356009420E4 /* AboutViewController.swift in Sources */,
				A0FE265D200CB9E0009420E4 /* AboutWireframe.swift in Sources */,
				A0FE2612200C9A14009420E4 /* AppDelegate.swift in Sources */,
				A04F1ED7201924EC00EEC1C0 /* PaymentMethodEnterViewController.swift in Sources */,
				A0FE2690200CBECD009420E4 /* ScanningInteractor.swift in Sources */,
				95B9ACAF2025B41800E8235E /* MobilicardUserDefaults.swift in Sources */,
				A0FE2694200CBEE4009420E4 /* HomeInteractor.swift in Sources */,
				A0FE266B200CBB10009420E4 /* ScanningWireframeProtocol.swift in Sources */,
				A0FE268E200CBEB6009420E4 /* PaymentMethodInteractorProtocol.swift in Sources */,
				A0FE268C200CBEAC009420E4 /* PaymentMethodInteractor.swift in Sources */,
				A0FE2651200CB947009420E4 /* LoginWireframe.swift in Sources */,
				A0FE2640200CA457009420E4 /* TechSupportViewController.swift in Sources */,
				A0FE2665200CBACC009420E4 /* PaymentMethodWireframe.swift in Sources */,
				A0FE2667200CBAE5009420E4 /* PaymentMethodWireframeProtocol.swift in Sources */,
				A0FE2683200CBE41009420E4 /* LoginInteractor.swift in Sources */,
				A0FE265F200CBA0B009420E4 /* AboutWireframeProtocol.swift in Sources */,
				A03450C42012309700F7DFCF /* LoginVerifyOTPViewController.swift in Sources */,
				A0FE266D200CBB2F009420E4 /* HomeWireframe.swift in Sources */,
				A0FE266F200CBB40009420E4 /* HomeWireframeProtocol.swift in Sources */,
				A0397387201FA37B0094CD17 /* Constants.swift in Sources */,
			);
			runOnlyForDeploymentPostprocessing = 0;
		};
/* End PBXSourcesBuildPhase section */

/* Begin PBXVariantGroup section */
		A0FE2615200C9A14009420E4 /* Home.storyboard */ = {
			isa = PBXVariantGroup;
			children = (
				A0FE2616200C9A14009420E4 /* Base */,
			);
			name = Home.storyboard;
			sourceTree = "<group>";
		};
		A0FE261A200C9A14009420E4 /* LaunchScreen.storyboard */ = {
			isa = PBXVariantGroup;
			children = (
				A0FE261B200C9A14009420E4 /* Base */,
			);
			name = LaunchScreen.storyboard;
			sourceTree = "<group>";
		};
/* End PBXVariantGroup section */

/* Begin XCBuildConfiguration section */
		A0FE261E200C9A14009420E4 /* Debug */ = {
			isa = XCBuildConfiguration;
			buildSettings = {
				ALWAYS_SEARCH_USER_PATHS = NO;
				CLANG_ANALYZER_NONNULL = YES;
				CLANG_ANALYZER_NUMBER_OBJECT_CONVERSION = YES_AGGRESSIVE;
				CLANG_CXX_LANGUAGE_STANDARD = "gnu++14";
				CLANG_CXX_LIBRARY = "libc++";
				CLANG_ENABLE_MODULES = YES;
				CLANG_ENABLE_OBJC_ARC = YES;
				CLANG_WARN_BLOCK_CAPTURE_AUTORELEASING = YES;
				CLANG_WARN_BOOL_CONVERSION = YES;
				CLANG_WARN_COMMA = YES;
				CLANG_WARN_CONSTANT_CONVERSION = YES;
				CLANG_WARN_DIRECT_OBJC_ISA_USAGE = YES_ERROR;
				CLANG_WARN_DOCUMENTATION_COMMENTS = YES;
				CLANG_WARN_EMPTY_BODY = YES;
				CLANG_WARN_ENUM_CONVERSION = YES;
				CLANG_WARN_INFINITE_RECURSION = YES;
				CLANG_WARN_INT_CONVERSION = YES;
				CLANG_WARN_NON_LITERAL_NULL_CONVERSION = YES;
				CLANG_WARN_OBJC_LITERAL_CONVERSION = YES;
				CLANG_WARN_OBJC_ROOT_CLASS = YES_ERROR;
				CLANG_WARN_RANGE_LOOP_ANALYSIS = YES;
				CLANG_WARN_STRICT_PROTOTYPES = YES;
				CLANG_WARN_SUSPICIOUS_MOVE = YES;
				CLANG_WARN_UNGUARDED_AVAILABILITY = YES_AGGRESSIVE;
				CLANG_WARN_UNREACHABLE_CODE = YES;
				CLANG_WARN__DUPLICATE_METHOD_MATCH = YES;
				CODE_SIGN_IDENTITY = "iPhone Developer";
				COPY_PHASE_STRIP = NO;
				DEBUG_INFORMATION_FORMAT = dwarf;
				ENABLE_STRICT_OBJC_MSGSEND = YES;
				ENABLE_TESTABILITY = YES;
				GCC_C_LANGUAGE_STANDARD = gnu11;
				GCC_DYNAMIC_NO_PIC = NO;
				GCC_NO_COMMON_BLOCKS = YES;
				GCC_OPTIMIZATION_LEVEL = 0;
				GCC_PREPROCESSOR_DEFINITIONS = (
					"DEBUG=1",
					"$(inherited)",
				);
				GCC_WARN_64_TO_32_BIT_CONVERSION = YES;
				GCC_WARN_ABOUT_RETURN_TYPE = YES_ERROR;
				GCC_WARN_UNDECLARED_SELECTOR = YES;
				GCC_WARN_UNINITIALIZED_AUTOS = YES_AGGRESSIVE;
				GCC_WARN_UNUSED_FUNCTION = YES;
				GCC_WARN_UNUSED_VARIABLE = YES;
				IPHONEOS_DEPLOYMENT_TARGET = 11.2;
				MTL_ENABLE_DEBUG_INFO = YES;
				ONLY_ACTIVE_ARCH = YES;
				SDKROOT = iphoneos;
				SWIFT_ACTIVE_COMPILATION_CONDITIONS = DEBUG;
				SWIFT_OPTIMIZATION_LEVEL = "-Onone";
			};
			name = Debug;
		};
		A0FE261F200C9A14009420E4 /* Release */ = {
			isa = XCBuildConfiguration;
			buildSettings = {
				ALWAYS_SEARCH_USER_PATHS = NO;
				CLANG_ANALYZER_NONNULL = YES;
				CLANG_ANALYZER_NUMBER_OBJECT_CONVERSION = YES_AGGRESSIVE;
				CLANG_CXX_LANGUAGE_STANDARD = "gnu++14";
				CLANG_CXX_LIBRARY = "libc++";
				CLANG_ENABLE_MODULES = YES;
				CLANG_ENABLE_OBJC_ARC = YES;
				CLANG_WARN_BLOCK_CAPTURE_AUTORELEASING = YES;
				CLANG_WARN_BOOL_CONVERSION = YES;
				CLANG_WARN_COMMA = YES;
				CLANG_WARN_CONSTANT_CONVERSION = YES;
				CLANG_WARN_DIRECT_OBJC_ISA_USAGE = YES_ERROR;
				CLANG_WARN_DOCUMENTATION_COMMENTS = YES;
				CLANG_WARN_EMPTY_BODY = YES;
				CLANG_WARN_ENUM_CONVERSION = YES;
				CLANG_WARN_INFINITE_RECURSION = YES;
				CLANG_WARN_INT_CONVERSION = YES;
				CLANG_WARN_NON_LITERAL_NULL_CONVERSION = YES;
				CLANG_WARN_OBJC_LITERAL_CONVERSION = YES;
				CLANG_WARN_OBJC_ROOT_CLASS = YES_ERROR;
				CLANG_WARN_RANGE_LOOP_ANALYSIS = YES;
				CLANG_WARN_STRICT_PROTOTYPES = YES;
				CLANG_WARN_SUSPICIOUS_MOVE = YES;
				CLANG_WARN_UNGUARDED_AVAILABILITY = YES_AGGRESSIVE;
				CLANG_WARN_UNREACHABLE_CODE = YES;
				CLANG_WARN__DUPLICATE_METHOD_MATCH = YES;
				CODE_SIGN_IDENTITY = "iPhone Developer";
				COPY_PHASE_STRIP = NO;
				DEBUG_INFORMATION_FORMAT = "dwarf-with-dsym";
				ENABLE_NS_ASSERTIONS = NO;
				ENABLE_STRICT_OBJC_MSGSEND = YES;
				GCC_C_LANGUAGE_STANDARD = gnu11;
				GCC_NO_COMMON_BLOCKS = YES;
				GCC_WARN_64_TO_32_BIT_CONVERSION = YES;
				GCC_WARN_ABOUT_RETURN_TYPE = YES_ERROR;
				GCC_WARN_UNDECLARED_SELECTOR = YES;
				GCC_WARN_UNINITIALIZED_AUTOS = YES_AGGRESSIVE;
				GCC_WARN_UNUSED_FUNCTION = YES;
				GCC_WARN_UNUSED_VARIABLE = YES;
				IPHONEOS_DEPLOYMENT_TARGET = 11.2;
				MTL_ENABLE_DEBUG_INFO = NO;
				SDKROOT = iphoneos;
				SWIFT_OPTIMIZATION_LEVEL = "-Owholemodule";
				VALIDATE_PRODUCT = YES;
			};
			name = Release;
		};
		A0FE2621200C9A14009420E4 /* Debug */ = {
			isa = XCBuildConfiguration;
			buildSettings = {
				ASSETCATALOG_COMPILER_APPICON_NAME = AppIcon;
				CODE_SIGN_STYLE = Automatic;
				DEVELOPMENT_TEAM = M4M679ZJ5M;
				INFOPLIST_FILE = "$(SRCROOT)/Mobilicard/Supporting Files/Info.plist";
				IPHONEOS_DEPLOYMENT_TARGET = 9.0;
				LD_RUNPATH_SEARCH_PATHS = "$(inherited) @executable_path/Frameworks";
				PRODUCT_BUNDLE_IDENTIFIER = vsevolodban.Mobilicard;
				PRODUCT_NAME = "$(TARGET_NAME)";
				SWIFT_VERSION = 4.0;
				TARGETED_DEVICE_FAMILY = 1;
			};
			name = Debug;
		};
		A0FE2622200C9A14009420E4 /* Release */ = {
			isa = XCBuildConfiguration;
			buildSettings = {
				ASSETCATALOG_COMPILER_APPICON_NAME = AppIcon;
				CODE_SIGN_STYLE = Automatic;
				DEVELOPMENT_TEAM = M4M679ZJ5M;
				INFOPLIST_FILE = "$(SRCROOT)/Mobilicard/Supporting Files/Info.plist";
				IPHONEOS_DEPLOYMENT_TARGET = 9.0;
				LD_RUNPATH_SEARCH_PATHS = "$(inherited) @executable_path/Frameworks";
				PRODUCT_BUNDLE_IDENTIFIER = vsevolodban.Mobilicard;
				PRODUCT_NAME = "$(TARGET_NAME)";
				SWIFT_VERSION = 4.0;
				TARGETED_DEVICE_FAMILY = 1;
			};
			name = Release;
		};
/* End XCBuildConfiguration section */

/* Begin XCConfigurationList section */
		A0FE2609200C9A13009420E4 /* Build configuration list for PBXProject "Mobilicard" */ = {
			isa = XCConfigurationList;
			buildConfigurations = (
				A0FE261E200C9A14009420E4 /* Debug */,
				A0FE261F200C9A14009420E4 /* Release */,
			);
			defaultConfigurationIsVisible = 0;
			defaultConfigurationName = Release;
		};
		A0FE2620200C9A14009420E4 /* Build configuration list for PBXNativeTarget "Mobilicard" */ = {
			isa = XCConfigurationList;
			buildConfigurations = (
				A0FE2621200C9A14009420E4 /* Debug */,
				A0FE2622200C9A14009420E4 /* Release */,
			);
			defaultConfigurationIsVisible = 0;
			defaultConfigurationName = Release;
		};
/* End XCConfigurationList section */
	};
	rootObject = A0FE2606200C9A13009420E4 /* Project object */;
}
